<?xml version="1.0" encoding="utf-8"?>
<Project ToolsVersion="4.0" xmlns="http://schemas.microsoft.com/developer/msbuild/2003">
  <ItemGroup>
    <Filter Include="Source Files">
      <UniqueIdentifier>{4FC737F1-C7A5-4376-A066-2A32D752A2FF}</UniqueIdentifier>
      <Extensions>cpp;c;cc;cxx;def;odl;idl;hpj;bat;asm;asmx</Extensions>
    </Filter>
    <Filter Include="Header Files">
      <UniqueIdentifier>{93995380-89BD-4b04-88EB-625FBE52EBFB}</UniqueIdentifier>
      <Extensions>h;hh;hpp;hxx;hm;inl;inc;xsd</Extensions>
    </Filter>
    <Filter Include="Resource Files">
      <UniqueIdentifier>{67DA6AB6-F800-4c08-8B7A-83BB121AAD01}</UniqueIdentifier>
      <Extensions>rc;ico;cur;bmp;dlg;rc2;rct;bin;rgs;gif;jpg;jpeg;jpe;resx;tiff;tif;png;wav;mfcribbon-ms</Extensions>
    </Filter>
    <Filter Include="Source Files\ffplay">
      <UniqueIdentifier>{7cc69386-56f8-452b-a10e-293e88ee94db}</UniqueIdentifier>
    </Filter>
    <Filter Include="Source Files\xSkin">
      <UniqueIdentifier>{753aa9a4-160b-4ea4-8b44-a665a83783bb}</UniqueIdentifier>
    </Filter>
    <Filter Include="Source Files\progressbar">
      <UniqueIdentifier>{8b10dd2a-05b2-4495-b0af-22ed7e99113d}</UniqueIdentifier>
    </Filter>
  </ItemGroup>
  <ItemGroup>
    <Text Include="ReadMe.txt" />
  </ItemGroup>
  <ItemGroup>
    <ClInclude Include="ffplayer.h">
      <Filter>Header Files</Filter>
    </ClInclude>
    <ClInclude Include="ffplayerDlg.h">
      <Filter>Header Files</Filter>
    </ClInclude>
    <ClInclude Include="stdafx.h">
      <Filter>Header Files</Filter>
    </ClInclude>
    <ClInclude Include="targetver.h">
      <Filter>Header Files</Filter>
    </ClInclude>
    <ClInclude Include="Resource.h">
      <Filter>Header Files</Filter>
    </ClInclude>
    <ClInclude Include="ffplay\config.h">
      <Filter>Source Files\ffplay</Filter>
    </ClInclude>
    <ClInclude Include="ffplay\cmdutils.h">
      <Filter>Source Files\ffplay</Filter>
    </ClInclude>
    <ClInclude Include="ffplay\ffplay.h">
      <Filter>Source Files\ffplay</Filter>
    </ClInclude>
    <ClInclude Include="..\xskin\sliderbase.h">
      <Filter>Source Files\xSkin</Filter>
    </ClInclude>
    <ClInclude Include="..\xskin\titleBar.h">
      <Filter>Source Files\xSkin</Filter>
    </ClInclude>
    <ClInclude Include="..\xskin\xskinbutton.h">
      <Filter>Source Files\xSkin</Filter>
    </ClInclude>
    <ClInclude Include="..\progressbar\progressbar.h">
      <Filter>Source Files\progressbar</Filter>
    </ClInclude>
    <ClInclude Include="..\progressbar\statusbar.h">
      <Filter>Source Files\progressbar</Filter>
    </ClInclude>
    <ClInclude Include="..\progressbar\termcap.h">
      <Filter>Source Files\progressbar</Filter>
    </ClInclude>
  </ItemGroup>
  <ItemGroup>
    <ClCompile Include="ffplayer.cpp">
      <Filter>Source Files</Filter>
    </ClCompile>
    <ClCompile Include="ffplayerDlg.cpp">
      <Filter>Source Files</Filter>
    </ClCompile>
    <ClCompile Include="stdafx.cpp">
      <Filter>Source Files</Filter>
    </ClCompile>
    <ClCompile Include="ffplay\ffplay.c">
      <Filter>Source Files\ffplay</Filter>
    </ClCompile>
    <ClCompile Include="ffplay\cmdutils.c">
      <Filter>Source Files\ffplay</Filter>
    </ClCompile>
    <ClCompile Include="ffplay\dce_defs.c">
      <Filter>Source Files\ffplay</Filter>
    </ClCompile>
    <ClCompile Include="..\xskin\sliderbase.cpp">
      <Filter>Source Files\xSkin</Filter>
    </ClCompile>
    <ClCompile Include="..\xskin\titleBar.cpp">
      <Filter>Source Files\xSkin</Filter>
    </ClCompile>
    <ClCompile Include="..\xskin\xskinbutton.cpp">
      <Filter>Source Files\xSkin</Filter>
    </ClCompile>
    <ClCompile Include="..\progressbar\progressbar.c">
      <Filter>Source Files\progressbar</Filter>
    </ClCompile>
    <ClCompile Include="..\progressbar\statusbar.c">
      <Filter>Source Files\progressbar</Filter>
    </ClCompile>
    <ClCompile Include="..\progressbar\termcap.c">
      <Filter>Source Files\progressbar</Filter>
    </ClCompile>
  </ItemGroup>
  <ItemGroup>
    <ResourceCompile Include="ffplayer.rc">
      <Filter>Resource Files</Filter>
    </ResourceCompile>
  </ItemGroup>
  <ItemGroup>
    <None Include="res\ffplayer.rc2">
      <Filter>Resource Files</Filter>
    </None>
  </ItemGroup>
  <ItemGroup>
    <Image Include="res\ffplayer.ico">
      <Filter>Resource Files</Filter>
    </Image>
    <Image Include="res\comonBtnNormal.bmp">
      <Filter>Resource Files</Filter>
    </Image>
    <Image Include="res\comonBtnDown.bmp">
      <Filter>Resource Files</Filter>
    </Image>
    <Image Include="res\comonBtnOver.bmp">
      <Filter>Resource Files</Filter>
    </Image>
  </ItemGroup>
</Project>